{
    "_readme": [
        "This file locks the dependencies of your project to a known state",
        "Read more about it at https://getcomposer.org/doc/01-basic-usage.md#composer-lock-the-lock-file",
        "This file is @generated automatically"
    ],
    "content-hash": "38e95202adcefd183dabca9d67bccb9a",
    "packages": [
        {
            "name": "lx159/tencent-test",
            "version": "1.0.0",
            "source": {
                "type": "git",
                "url": "https://github.com/lx159/lx-tencent.git",
                "reference": "9bebed6826be69e0266cd7fe9601d4aee95cfbeb"
            },
            "dist": {
                "type": "zip",
                "url": "https://files.phpcomposer.com/files/lx159/lx-tencent/9bebed6826be69e0266cd7fe9601d4aee95cfbeb.zip",
                "reference": "9bebed6826be69e0266cd7fe9601d4aee95cfbeb",
                "shasum": ""
            },
            "type": "library",
            "autoload": {
                "psr-4": {
                    "Tencent\\": "src/"
                }
            },
            "notification-url": "https://packagist.org/downloads/",
            "license": [
                "1.0"
            ],
            "authors": [
                {
                    "name": "luo xun",
                    "email": "luoxun159@126.com"
                }
            ],
            "description": "广点通接口封装",
            "time": "2017-10-12T07:57:26+00:00"
        }
    ],
    "packages-dev": [],
    "aliases": [],
    "minimum-stability": "stable",
    "stability-flags": [],
    "prefer-stable": false,
    "prefer-lowest": false,
    "platform": [],
    "platform-dev": []
}
